
Microsoft Visual Studio Solution File, Format Version 12.00
# Visual Studio Version 16
VisualStudioVersion = 16.0.31624.102
MinimumVisualStudioVersion = 10.0.40219.1
Project("{9A19103F-16F7-4668-BE54-9A1E7A4F7556}") = "TodoApp", "TodoApp\TodoApp.csproj", "{106541DE-A1B3-404A-8E9E-166BA529AC0C}"
EndProject
Global
	GlobalSection(SolutionConfigurationPlatforms) = preSolution
		Debug|Any CPU = Debug|Any CPU
		Release|Any CPU = Release|Any CPU
	EndGlobalSection
	GlobalSection(ProjectConfigurationPlatforms) = postSolution
		{106541DE-A1B3-404A-8E9E-166BA529AC0C}.Debug|Any CPU.ActiveCfg = Debug|Any CPU
		{106541DE-A1B3-404A-8E9E-166BA529AC0C}.Debug|Any CPU.Build.0 = Debug|Any CPU
		{106541DE-A1B3-404A-8E9E-166BA529AC0C}.Release|Any CPU.ActiveCfg = Release|Any CPU
		{106541DE-A1B3-404A-8E9E-166BA529AC0C}.Release|Any CPU.Build.0 = Release|Any CPU
	EndGlobalSection
	GlobalSection(SolutionProperties) = preSolution
		HideSolutionNode = FALSE
	EndGlobalSection
	GlobalSection(ExtensibilityGlobals) = postSolution
		SolutionGuid = {3F1517A4-5E54-4AEC-8A3D-A5FB543A3C63}
	EndGlobalSection
EndGlobal
