
Microsoft Visual Studio Solution File, Format Version 12.00
# Visual Studio Version 16
VisualStudioVersion = 16.0.31613.86
MinimumVisualStudioVersion = 10.0.40219.1
Project("{FAE04EC0-301F-11D3-BF4B-00C04F79EFBC}") = "TokenBasedAuth", "TokenBasedAuth\TokenBasedAuth.csproj", "{9AA4D38D-B7C3-4B9D-9EA0-A5960A86DBC7}"
EndProject
Global
	GlobalSection(SolutionConfigurationPlatforms) = preSolution
		Debug|Any CPU = Debug|Any CPU
		Release|Any CPU = Release|Any CPU
	EndGlobalSection
	GlobalSection(ProjectConfigurationPlatforms) = postSolution
		{9AA4D38D-B7C3-4B9D-9EA0-A5960A86DBC7}.Debug|Any CPU.ActiveCfg = Debug|Any CPU
		{9AA4D38D-B7C3-4B9D-9EA0-A5960A86DBC7}.Debug|Any CPU.Build.0 = Debug|Any CPU
		{9AA4D38D-B7C3-4B9D-9EA0-A5960A86DBC7}.Release|Any CPU.ActiveCfg = Release|Any CPU
		{9AA4D38D-B7C3-4B9D-9EA0-A5960A86DBC7}.Release|Any CPU.Build.0 = Release|Any CPU
	EndGlobalSection
	GlobalSection(SolutionProperties) = preSolution
		HideSolutionNode = FALSE
	EndGlobalSection
	GlobalSection(ExtensibilityGlobals) = postSolution
		SolutionGuid = {421AF94C-121B-4720-B415-8F642C66F85C}
	EndGlobalSection
EndGlobal
